{
  "name": "ai-employees",
  "version": "1.8.0",
  "lockfileVersion": 3,
  "requires": true,
  "packages": {
    "": {
      "name": "ai-employees",
      "version": "1.8.0",
      "license": "MIT",
      "bin": {
        "ai-employees": "installer/cli.mjs"
      },
      "engines": {
        "node": ">=18"
      }
    }
  }
}
